Microsoft Visual Studio Solution File, Format Version 11.00
# Visual Studio 2008

Project("{A2E29B6F-CEE3-64C8-3CD2-3595C367748A}") = "Dango Puck!", "Assembly-CSharp.csproj", "{0DF7F43D-84B0-5CB4-3F75-7D6726D8649E}"
EndProject
Global
	GlobalSection(SolutionConfigurationPlatforms) = preSolution
		Debug|Any CPU = Debug|Any CPU
		Release|Any CPU = Release|Any CPU
	EndGlobalSection
	GlobalSection(ProjectConfigurationPlatforms) = postSolution
		{0DF7F43D-84B0-5CB4-3F75-7D6726D8649E}.Debug|Any CPU.ActiveCfg = Debug|Any CPU
		{0DF7F43D-84B0-5CB4-3F75-7D6726D8649E}.Debug|Any CPU.Build.0 = Debug|Any CPU
		{0DF7F43D-84B0-5CB4-3F75-7D6726D8649E}.Release|Any CPU.ActiveCfg = Release|Any CPU
		{0DF7F43D-84B0-5CB4-3F75-7D6726D8649E}.Release|Any CPU.Build.0 = Release|Any CPU
	EndGlobalSection
	GlobalSection(SolutionProperties) = preSolution
		HideSolutionNode = FALSE
	EndGlobalSection
	GlobalSection(MonoDevelopProperties) = preSolution
		StartupItem = Assembly-CSharp.csproj
	EndGlobalSection
EndGlobal
